
Microsoft Visual Studio Solution File, Format Version 12.00
# Visual Studio Version 16
VisualStudioVersion = 16.0.31410.357
MinimumVisualStudioVersion = 10.0.40219.1
Project("{9A19103F-16F7-4668-BE54-9A1E7A4F7556}") = "ConsoleUILayer", "TrainingApp\ConsoleUILayer.csproj", "{9907B590-CA94-46AA-9973-A782B6414B75}"
EndProject
Project("{9A19103F-16F7-4668-BE54-9A1E7A4F7556}") = "DataLayer", "AbstractDataLayer\DataLayer.csproj", "{EE29F830-EB0C-44B6-8517-8F29E25B855C}"
EndProject
Project("{9A19103F-16F7-4668-BE54-9A1E7A4F7556}") = "LogicLayer", "ConsoleLogicLayer\LogicLayer.csproj", "{92BFA8A8-0D6E-4854-8482-1B182D3D34FF}"
EndProject
Global
	GlobalSection(SolutionConfigurationPlatforms) = preSolution
		Debug|Any CPU = Debug|Any CPU
		Release|Any CPU = Release|Any CPU
	EndGlobalSection
	GlobalSection(ProjectConfigurationPlatforms) = postSolution
		{9907B590-CA94-46AA-9973-A782B6414B75}.Debug|Any CPU.ActiveCfg = Debug|Any CPU
		{9907B590-CA94-46AA-9973-A782B6414B75}.Debug|Any CPU.Build.0 = Debug|Any CPU
		{9907B590-CA94-46AA-9973-A782B6414B75}.Release|Any CPU.ActiveCfg = Release|Any CPU
		{9907B590-CA94-46AA-9973-A782B6414B75}.Release|Any CPU.Build.0 = Release|Any CPU
		{EE29F830-EB0C-44B6-8517-8F29E25B855C}.Debug|Any CPU.ActiveCfg = Debug|Any CPU
		{EE29F830-EB0C-44B6-8517-8F29E25B855C}.Debug|Any CPU.Build.0 = Debug|Any CPU
		{EE29F830-EB0C-44B6-8517-8F29E25B855C}.Release|Any CPU.ActiveCfg = Release|Any CPU
		{EE29F830-EB0C-44B6-8517-8F29E25B855C}.Release|Any CPU.Build.0 = Release|Any CPU
		{92BFA8A8-0D6E-4854-8482-1B182D3D34FF}.Debug|Any CPU.ActiveCfg = Debug|Any CPU
		{92BFA8A8-0D6E-4854-8482-1B182D3D34FF}.Debug|Any CPU.Build.0 = Debug|Any CPU
		{92BFA8A8-0D6E-4854-8482-1B182D3D34FF}.Release|Any CPU.ActiveCfg = Release|Any CPU
		{92BFA8A8-0D6E-4854-8482-1B182D3D34FF}.Release|Any CPU.Build.0 = Release|Any CPU
	EndGlobalSection
	GlobalSection(SolutionProperties) = preSolution
		HideSolutionNode = FALSE
	EndGlobalSection
	GlobalSection(ExtensibilityGlobals) = postSolution
		SolutionGuid = {0EE46AEE-B91B-4C09-84A9-BA617B849B98}
	EndGlobalSection
EndGlobal
